
Microsoft Visual Studio Solution File, Format Version 12.00
# Visual Studio Version 17
VisualStudioVersion = 17.14.36212.18 d17.14
MinimumVisualStudioVersion = 10.0.40219.1
Project("{FAE04EC0-301F-11D3-BF4B-00C04F79EFBC}") = "Calcquiz", "Calcquiz.csproj", "{60FC3D08-4C69-4CFF-A94F-145E796B54B8}"
EndProject
Global
	GlobalSection(SolutionConfigurationPlatforms) = preSolution
		Debug|Any CPU = Debug|Any CPU
		Release|Any CPU = Release|Any CPU
	EndGlobalSection
	GlobalSection(ProjectConfigurationPlatforms) = postSolution
		{60FC3D08-4C69-4CFF-A94F-145E796B54B8}.Debug|Any CPU.ActiveCfg = Debug|Any CPU
		{60FC3D08-4C69-4CFF-A94F-145E796B54B8}.Debug|Any CPU.Build.0 = Debug|Any CPU
		{60FC3D08-4C69-4CFF-A94F-145E796B54B8}.Release|Any CPU.ActiveCfg = Release|Any CPU
		{60FC3D08-4C69-4CFF-A94F-145E796B54B8}.Release|Any CPU.Build.0 = Release|Any CPU
	EndGlobalSection
	GlobalSection(SolutionProperties) = preSolution
		HideSolutionNode = FALSE
	EndGlobalSection
	GlobalSection(ExtensibilityGlobals) = postSolution
		SolutionGuid = {CA49D2BE-C4CB-4426-B8A4-E39141E6BEA0}
	EndGlobalSection
EndGlobal
